
Microsoft Visual Studio Solution File, Format Version 12.00
# Visual Studio Version 16
VisualStudioVersion = 16.0.30907.101
MinimumVisualStudioVersion = 10.0.40219.1
Project("{FAE04EC0-301F-11D3-BF4B-00C04F79EFBC}") = "Laboration 4 angedoxa100", "Laboration 4 angedoxa100.csproj", "{1CBF56AB-5DE3-4E3D-843B-45C12815BEAE}"
EndProject
Global
	GlobalSection(SolutionConfigurationPlatforms) = preSolution
		Debug|Any CPU = Debug|Any CPU
		Release|Any CPU = Release|Any CPU
	EndGlobalSection
	GlobalSection(ProjectConfigurationPlatforms) = postSolution
		{1CBF56AB-5DE3-4E3D-843B-45C12815BEAE}.Debug|Any CPU.ActiveCfg = Debug|Any CPU
		{1CBF56AB-5DE3-4E3D-843B-45C12815BEAE}.Debug|Any CPU.Build.0 = Debug|Any CPU
		{1CBF56AB-5DE3-4E3D-843B-45C12815BEAE}.Release|Any CPU.ActiveCfg = Release|Any CPU
		{1CBF56AB-5DE3-4E3D-843B-45C12815BEAE}.Release|Any CPU.Build.0 = Release|Any CPU
	EndGlobalSection
	GlobalSection(SolutionProperties) = preSolution
		HideSolutionNode = FALSE
	EndGlobalSection
	GlobalSection(ExtensibilityGlobals) = postSolution
		SolutionGuid = {2E0597FF-7617-42D7-9337-F98ABB74E91C}
	EndGlobalSection
EndGlobal
