
Microsoft Visual Studio Solution File, Format Version 12.00
# Visual Studio Version 16
VisualStudioVersion = 16.0.30907.101
MinimumVisualStudioVersion = 10.0.40219.1
Project("{FAE04EC0-301F-11D3-BF4B-00C04F79EFBC}") = "Bibliotek", "Bibliotek.csproj", "{267CA841-F2EE-4498-9092-4505B63394C1}"
EndProject
Global
	GlobalSection(SolutionConfigurationPlatforms) = preSolution
		Debug|Any CPU = Debug|Any CPU
		Release|Any CPU = Release|Any CPU
	EndGlobalSection
	GlobalSection(ProjectConfigurationPlatforms) = postSolution
		{267CA841-F2EE-4498-9092-4505B63394C1}.Debug|Any CPU.ActiveCfg = Debug|Any CPU
		{267CA841-F2EE-4498-9092-4505B63394C1}.Debug|Any CPU.Build.0 = Debug|Any CPU
		{267CA841-F2EE-4498-9092-4505B63394C1}.Release|Any CPU.ActiveCfg = Release|Any CPU
		{267CA841-F2EE-4498-9092-4505B63394C1}.Release|Any CPU.Build.0 = Release|Any CPU
	EndGlobalSection
	GlobalSection(SolutionProperties) = preSolution
		HideSolutionNode = FALSE
	EndGlobalSection
	GlobalSection(ExtensibilityGlobals) = postSolution
		SolutionGuid = {4B0C65E6-C33F-41F1-BE95-741EE05FFB72}
	EndGlobalSection
EndGlobal
